// !$*UTF8*$!
{
	archiveVersion = 1;
	classes = {
	};
	objectVersion = 46;
	objects = {

/* Begin PBXBuildFile section */
		5D0036AB1C97B44B00058304 /* JREyeTypeModel.m in Sources */ = {isa = PBXBuildFile; fileRef = 5D0036AA1C97B44B00058304 /* JREyeTypeModel.m */; };
		5D270CB11CA51B1A00A0B348 /* takePhoto@2x.png in Resources */ = {isa = PBXBuildFile; fileRef = 5D270CB01CA51B1A00A0B348 /* takePhoto@2x.png */; };
		5D270CB31CA51B3400A0B348 /* takePhoto@3x.png in Resources */ = {isa = PBXBuildFile; fileRef = 5D270CB21CA51B3400A0B348 /* takePhoto@3x.png */; };
		5D270CB51CA520D800A0B348 /* iso-icon@2x.png in Resources */ = {isa = PBXBuildFile; fileRef = 5D270CB41CA520D800A0B348 /* iso-icon@2x.png */; };
		5D270CB71CA520E300A0B348 /* iso-icon@3x.png in Resources */ = {isa = PBXBuildFile; fileRef = 5D270CB61CA520E300A0B348 /* iso-icon@3x.png */; };
		5D270CB91CA52D6700A0B348 /* whiteBalance@2x.png in Resources */ = {isa = PBXBuildFile; fileRef = 5D270CB81CA52D6700A0B348 /* whiteBalance@2x.png */; };
		5D270CBB1CA52D8800A0B348 /* whiteBalance@3x.png in Resources */ = {isa = PBXBuildFile; fileRef = 5D270CBA1CA52D8800A0B348 /* whiteBalance@3x.png */; };
		5D270CBD1CA540A000A0B348 /* whiteBalanceLefticon@2x.png in Resources */ = {isa = PBXBuildFile; fileRef = 5D270CBC1CA540A000A0B348 /* whiteBalanceLefticon@2x.png */; };
		5D270CBF1CA540BB00A0B348 /* whiteBalanceLefticon@3x.png in Resources */ = {isa = PBXBuildFile; fileRef = 5D270CBE1CA540BB00A0B348 /* whiteBalanceLefticon@3x.png */; };
		5D270CC11CA5427700A0B348 /* whiteBalanceRighticon@3x.png in Resources */ = {isa = PBXBuildFile; fileRef = 5D270CC01CA5427700A0B348 /* whiteBalanceRighticon@3x.png */; };
		5D270CC31CA5428800A0B348 /* whiteBalanceRighticon@2x.png in Resources */ = {isa = PBXBuildFile; fileRef = 5D270CC21CA5428800A0B348 /* whiteBalanceRighticon@2x.png */; };
		5D32D2751CA63AEB00795CE7 /* leftEyeicon@2x.png in Resources */ = {isa = PBXBuildFile; fileRef = 5D32D2741CA63AEB00795CE7 /* leftEyeicon@2x.png */; };
		5D32D2771CA63B0500795CE7 /* leftEyeicon@3x.png in Resources */ = {isa = PBXBuildFile; fileRef = 5D32D2761CA63B0500795CE7 /* leftEyeicon@3x.png */; };
		5D32D2791CA63DCB00795CE7 /* rightEyeicon@3x.png in Resources */ = {isa = PBXBuildFile; fileRef = 5D32D2781CA63DCB00795CE7 /* rightEyeicon@3x.png */; };
		5D32D27B1CA63DFB00795CE7 /* rightEyeicon@2x.png in Resources */ = {isa = PBXBuildFile; fileRef = 5D32D27A1CA63DFB00795CE7 /* rightEyeicon@2x.png */; };
		5D32D27D1CA6678600795CE7 /* albumSelectedicon@3x.png in Resources */ = {isa = PBXBuildFile; fileRef = 5D32D27C1CA6678500795CE7 /* albumSelectedicon@3x.png */; };
		5D32D27F1CA6678E00795CE7 /* albumSelectedicon@2x.png in Resources */ = {isa = PBXBuildFile; fileRef = 5D32D27E1CA6678E00795CE7 /* albumSelectedicon@2x.png */; };
		5D6B83071C8E9709004EB9B1 /* main.m in Sources */ = {isa = PBXBuildFile; fileRef = 5D6B83061C8E9709004EB9B1 /* main.m */; };
		5D6B830A1C8E9709004EB9B1 /* AppDelegate.m in Sources */ = {isa = PBXBuildFile; fileRef = 5D6B83091C8E9709004EB9B1 /* AppDelegate.m */; };
		5D6B830D1C8E9709004EB9B1 /* ViewController.m in Sources */ = {isa = PBXBuildFile; fileRef = 5D6B830C1C8E9709004EB9B1 /* ViewController.m */; };
		5D6B83101C8E9709004EB9B1 /* Main.storyboard in Resources */ = {isa = PBXBuildFile; fileRef = 5D6B830E1C8E9709004EB9B1 /* Main.storyboard */; };
		5D6B83121C8E9709004EB9B1 /* Assets.xcassets in Resources */ = {isa = PBXBuildFile; fileRef = 5D6B83111C8E9709004EB9B1 /* Assets.xcassets */; };
		5D6B83151C8E9709004EB9B1 /* LaunchScreen.storyboard in Resources */ = {isa = PBXBuildFile; fileRef = 5D6B83131C8E9709004EB9B1 /* LaunchScreen.storyboard */; };
		5D6B83201C8E9709004EB9B1 /* EyeDemoTests.m in Sources */ = {isa = PBXBuildFile; fileRef = 5D6B831F1C8E9709004EB9B1 /* EyeDemoTests.m */; };
		5D6B832B1C8E9709004EB9B1 /* EyeDemoUITests.m in Sources */ = {isa = PBXBuildFile; fileRef = 5D6B832A1C8E9709004EB9B1 /* EyeDemoUITests.m */; };
		5D6B83481C8E97C6004EB9B1 /* LX_layoutAttributes.m in Sources */ = {isa = PBXBuildFile; fileRef = 5D6B83391C8E97C6004EB9B1 /* LX_layoutAttributes.m */; };
		5D6B83491C8E97C6004EB9B1 /* NSTimer+Addtion.m in Sources */ = {isa = PBXBuildFile; fileRef = 5D6B833B1C8E97C6004EB9B1 /* NSTimer+Addtion.m */; };
		5D6B834A1C8E97C6004EB9B1 /* ProgressView.m in Sources */ = {isa = PBXBuildFile; fileRef = 5D6B833D1C8E97C6004EB9B1 /* ProgressView.m */; };
		5D6B834B1C8E97C6004EB9B1 /* UIView+AutoLayoutViews.m in Sources */ = {isa = PBXBuildFile; fileRef = 5D6B833F1C8E97C6004EB9B1 /* UIView+AutoLayoutViews.m */; };
		5D6B834C1C8E97C6004EB9B1 /* UIView+Extension.m in Sources */ = {isa = PBXBuildFile; fileRef = 5D6B83411C8E97C6004EB9B1 /* UIView+Extension.m */; };
		5D6B834D1C8E97C6004EB9B1 /* WYTopImgBtn.m in Sources */ = {isa = PBXBuildFile; fileRef = 5D6B83431C8E97C6004EB9B1 /* WYTopImgBtn.m */; };
		5D6B834E1C8E97C6004EB9B1 /* WYVideoCaptureController.m in Sources */ = {isa = PBXBuildFile; fileRef = 5D6B83451C8E97C6004EB9B1 /* WYVideoCaptureController.m */; };
		5D6B834F1C8E97C6004EB9B1 /* WYVideoTimeView.m in Sources */ = {isa = PBXBuildFile; fileRef = 5D6B83471C8E97C6004EB9B1 /* WYVideoTimeView.m */; };
		5D6B83521C8EA267004EB9B1 /* JRMediaFileManage.m in Sources */ = {isa = PBXBuildFile; fileRef = 5D6B83511C8EA267004EB9B1 /* JRMediaFileManage.m */; };
		5D6B83551C8EA97A004EB9B1 /* PictureScanViewController.m in Sources */ = {isa = PBXBuildFile; fileRef = 5D6B83541C8EA97A004EB9B1 /* PictureScanViewController.m */; };
		5D6B83581C8EA9F8004EB9B1 /* ShootCollectionViewCell.m in Sources */ = {isa = PBXBuildFile; fileRef = 5D6B83571C8EA9F8004EB9B1 /* ShootCollectionViewCell.m */; };
		5D6B835B1C8EAB1F004EB9B1 /* ShootCollectionHeaderView.m in Sources */ = {isa = PBXBuildFile; fileRef = 5D6B835A1C8EAB1F004EB9B1 /* ShootCollectionHeaderView.m */; };
		5D6B83A61C8FEB5F004EB9B1 /* MLSelectPhotoBrowserViewController.m in Sources */ = {isa = PBXBuildFile; fileRef = 5D6B83A51C8FEB5F004EB9B1 /* MLSelectPhotoBrowserViewController.m */; };
		5D6B83AB1C8FEB95004EB9B1 /* UIImage+MLTint.m in Sources */ = {isa = PBXBuildFile; fileRef = 5D6B83A81C8FEB95004EB9B1 /* UIImage+MLTint.m */; };
		5D6B83AC1C8FEB95004EB9B1 /* UIView+MLExtension.m in Sources */ = {isa = PBXBuildFile; fileRef = 5D6B83AA1C8FEB95004EB9B1 /* UIView+MLExtension.m */; };
		5D6B83AF1C8FEBBF004EB9B1 /* MLSelectPhotoPickerBrowserPhotoScrollView.m in Sources */ = {isa = PBXBuildFile; fileRef = 5D6B83AE1C8FEBBF004EB9B1 /* MLSelectPhotoPickerBrowserPhotoScrollView.m */; };
		5D6B83B31C8FEC4B004EB9B1 /* MLSelectPhotoPickerBrowserPhotoImageView.m in Sources */ = {isa = PBXBuildFile; fileRef = 5D6B83B21C8FEC4A004EB9B1 /* MLSelectPhotoPickerBrowserPhotoImageView.m */; };
		5D6B83B61C8FEC86004EB9B1 /* MLSelectPhotoPickerBrowserPhotoView.m in Sources */ = {isa = PBXBuildFile; fileRef = 5D6B83B51C8FEC86004EB9B1 /* MLSelectPhotoPickerBrowserPhotoView.m */; };
		5D6B83EA1C9018F3004EB9B1 /* ShootCollectionButton.m in Sources */ = {isa = PBXBuildFile; fileRef = 5D6B83E91C9018F3004EB9B1 /* ShootCollectionButton.m */; };
		5D6B83ED1C901E09004EB9B1 /* JRPictureModel.m in Sources */ = {isa = PBXBuildFile; fileRef = 5D6B83EC1C901E09004EB9B1 /* JRPictureModel.m */; };
		5D6B83F01C901EC2004EB9B1 /* ZQBaseClassesExtended.m in Sources */ = {isa = PBXBuildFile; fileRef = 5D6B83EF1C901EC2004EB9B1 /* ZQBaseClassesExtended.m */; };
/* End PBXBuildFile section */

/* Begin PBXContainerItemProxy section */
		5D6B831C1C8E9709004EB9B1 /* PBXContainerItemProxy */ = {
			isa = PBXContainerItemProxy;
			containerPortal = 5D6B82FA1C8E9709004EB9B1 /* Project object */;
			proxyType = 1;
			remoteGlobalIDString = 5D6B83011C8E9709004EB9B1;
			remoteInfo = EyeDemo;
		};
		5D6B83271C8E9709004EB9B1 /* PBXContainerItemProxy */ = {
			isa = PBXContainerItemProxy;
			containerPortal = 5D6B82FA1C8E9709004EB9B1 /* Project object */;
			proxyType = 1;
			remoteGlobalIDString = 5D6B83011C8E9709004EB9B1;
			remoteInfo = EyeDemo;
		};
/* End PBXContainerItemProxy section */

/* Begin PBXFileReference section */
		5D0036A91C97B44B00058304 /* JREyeTypeModel.h */ = {isa = PBXFileReference; fileEncoding = 4; lastKnownFileType = sourcecode.c.h; path = JREyeTypeModel.h; sourceTree = "<group>"; };
		5D0036AA1C97B44B00058304 /* JREyeTypeModel.m */ = {isa = PBXFileReference; fileEncoding = 4; lastKnownFileType = sourcecode.c.objc; path = JREyeTypeModel.m; sourceTree = "<group>"; };
		5D270CB01CA51B1A00A0B348 /* takePhoto@2x.png */ = {isa = PBXFileReference; lastKnownFileType = image.png; path = "takePhoto@2x.png"; sourceTree = "<group>"; };
		5D270CB21CA51B3400A0B348 /* takePhoto@3x.png */ = {isa = PBXFileReference; lastKnownFileType = image.png; path = "takePhoto@3x.png"; sourceTree = "<group>"; };
		5D270CB41CA520D800A0B348 /* iso-icon@2x.png */ = {isa = PBXFileReference; lastKnownFileType = image.png; path = "iso-icon@2x.png"; sourceTree = "<group>"; };
		5D270CB61CA520E300A0B348 /* iso-icon@3x.png */ = {isa = PBXFileReference; lastKnownFileType = image.png; path = "iso-icon@3x.png"; sourceTree = "<group>"; };
		5D270CB81CA52D6700A0B348 /* whiteBalance@2x.png */ = {isa = PBXFileReference; lastKnownFileType = image.png; path = "whiteBalance@2x.png"; sourceTree = "<group>"; };
		5D270CBA1CA52D8800A0B348 /* whiteBalance@3x.png */ = {isa = PBXFileReference; lastKnownFileType = image.png; path = "whiteBalance@3x.png"; sourceTree = "<group>"; };
		5D270CBC1CA540A000A0B348 /* whiteBalanceLefticon@2x.png */ = {isa = PBXFileReference; lastKnownFileType = image.png; path = "whiteBalanceLefticon@2x.png"; sourceTree = "<group>"; };
		5D270CBE1CA540BB00A0B348 /* whiteBalanceLefticon@3x.png */ = {isa = PBXFileReference; lastKnownFileType = image.png; path = "whiteBalanceLefticon@3x.png"; sourceTree = "<group>"; };
		5D270CC01CA5427700A0B348 /* whiteBalanceRighticon@3x.png */ = {isa = PBXFileReference; lastKnownFileType = image.png; path = "whiteBalanceRighticon@3x.png"; sourceTree = "<group>"; };
		5D270CC21CA5428800A0B348 /* whiteBalanceRighticon@2x.png */ = {isa = PBXFileReference; lastKnownFileType = image.png; path = "whiteBalanceRighticon@2x.png"; sourceTree = "<group>"; };
		5D32D2731CA635F400795CE7 /* TDHeader.h */ = {isa = PBXFileReference; lastKnownFileType = sourcecode.c.h; path = TDHeader.h; sourceTree = "<group>"; };
		5D32D2741CA63AEB00795CE7 /* leftEyeicon@2x.png */ = {isa = PBXFileReference; lastKnownFileType = image.png; path = "leftEyeicon@2x.png"; sourceTree = "<group>"; };
		5D32D2761CA63B0500795CE7 /* leftEyeicon@3x.png */ = {isa = PBXFileReference; lastKnownFileType = image.png; path = "leftEyeicon@3x.png"; sourceTree = "<group>"; };
		5D32D2781CA63DCB00795CE7 /* rightEyeicon@3x.png */ = {isa = PBXFileReference; lastKnownFileType = image.png; path = "rightEyeicon@3x.png"; sourceTree = "<group>"; };
		5D32D27A1CA63DFB00795CE7 /* rightEyeicon@2x.png */ = {isa = PBXFileReference; lastKnownFileType = image.png; path = "rightEyeicon@2x.png"; sourceTree = "<group>"; };
		5D32D27C1CA6678500795CE7 /* albumSelectedicon@3x.png */ = {isa = PBXFileReference; lastKnownFileType = image.png; path = "albumSelectedicon@3x.png"; sourceTree = "<group>"; };
		5D32D27E1CA6678E00795CE7 /* albumSelectedicon@2x.png */ = {isa = PBXFileReference; lastKnownFileType = image.png; path = "albumSelectedicon@2x.png"; sourceTree = "<group>"; };
		5D6B83021C8E9709004EB9B1 /* EyeDemo.app */ = {isa = PBXFileReference; explicitFileType = wrapper.application; includeInIndex = 0; path = EyeDemo.app; sourceTree = BUILT_PRODUCTS_DIR; };
		5D6B83061C8E9709004EB9B1 /* main.m */ = {isa = PBXFileReference; lastKnownFileType = sourcecode.c.objc; path = main.m; sourceTree = "<group>"; };
		5D6B83081C8E9709004EB9B1 /* AppDelegate.h */ = {isa = PBXFileReference; lastKnownFileType = sourcecode.c.h; path = AppDelegate.h; sourceTree = "<group>"; };
		5D6B83091C8E9709004EB9B1 /* AppDelegate.m */ = {isa = PBXFileReference; lastKnownFileType = sourcecode.c.objc; path = AppDelegate.m; sourceTree = "<group>"; };
		5D6B830B1C8E9709004EB9B1 /* ViewController.h */ = {isa = PBXFileReference; lastKnownFileType = sourcecode.c.h; path = ViewController.h; sourceTree = "<group>"; };
		5D6B830C1C8E9709004EB9B1 /* ViewController.m */ = {isa = PBXFileReference; lastKnownFileType = sourcecode.c.objc; path = ViewController.m; sourceTree = "<group>"; };
		5D6B830F1C8E9709004EB9B1 /* Base */ = {isa = PBXFileReference; lastKnownFileType = file.storyboard; name = Base; path = Base.lproj/Main.storyboard; sourceTree = "<group>"; };
		5D6B83111C8E9709004EB9B1 /* Assets.xcassets */ = {isa = PBXFileReference; lastKnownFileType = folder.assetcatalog; path = Assets.xcassets; sourceTree = "<group>"; };
		5D6B83141C8E9709004EB9B1 /* Base */ = {isa = PBXFileReference; lastKnownFileType = file.storyboard; name = Base; path = Base.lproj/LaunchScreen.storyboard; sourceTree = "<group>"; };
		5D6B83161C8E9709004EB9B1 /* Info.plist */ = {isa = PBXFileReference; lastKnownFileType = text.plist.xml; path = Info.plist; sourceTree = "<group>"; };
		5D6B831B1C8E9709004EB9B1 /* EyeDemoTests.xctest */ = {isa = PBXFileReference; explicitFileType = wrapper.cfbundle; includeInIndex = 0; path = EyeDemoTests.xctest; sourceTree = BUILT_PRODUCTS_DIR; };
		5D6B831F1C8E9709004EB9B1 /* EyeDemoTests.m */ = {isa = PBXFileReference; lastKnownFileType = sourcecode.c.objc; path = EyeDemoTests.m; sourceTree = "<group>"; };
		5D6B83211C8E9709004EB9B1 /* Info.plist */ = {isa = PBXFileReference; lastKnownFileType = text.plist.xml; path = Info.plist; sourceTree = "<group>"; };
		5D6B83261C8E9709004EB9B1 /* EyeDemoUITests.xctest */ = {isa = PBXFileReference; explicitFileType = wrapper.cfbundle; includeInIndex = 0; path = EyeDemoUITests.xctest; sourceTree = BUILT_PRODUCTS_DIR; };
		5D6B832A1C8E9709004EB9B1 /* EyeDemoUITests.m */ = {isa = PBXFileReference; lastKnownFileType = sourcecode.c.objc; path = EyeDemoUITests.m; sourceTree = "<group>"; };
		5D6B832C1C8E9709004EB9B1 /* Info.plist */ = {isa = PBXFileReference; lastKnownFileType = text.plist.xml; path = Info.plist; sourceTree = "<group>"; };
		5D6B83381C8E97C6004EB9B1 /* LX_layoutAttributes.h */ = {isa = PBXFileReference; fileEncoding = 4; lastKnownFileType = sourcecode.c.h; path = LX_layoutAttributes.h; sourceTree = "<group>"; };
		5D6B83391C8E97C6004EB9B1 /* LX_layoutAttributes.m */ = {isa = PBXFileReference; fileEncoding = 4; lastKnownFileType = sourcecode.c.objc; path = LX_layoutAttributes.m; sourceTree = "<group>"; };
		5D6B833A1C8E97C6004EB9B1 /* NSTimer+Addtion.h */ = {isa = PBXFileReference; fileEncoding = 4; lastKnownFileType = sourcecode.c.h; path = "NSTimer+Addtion.h"; sourceTree = "<group>"; };
		5D6B833B1C8E97C6004EB9B1 /* NSTimer+Addtion.m */ = {isa = PBXFileReference; fileEncoding = 4; lastKnownFileType = sourcecode.c.objc; path = "NSTimer+Addtion.m"; sourceTree = "<group>"; };
		5D6B833C1C8E97C6004EB9B1 /* ProgressView.h */ = {isa = PBXFileReference; fileEncoding = 4; lastKnownFileType = sourcecode.c.h; path = ProgressView.h; sourceTree = "<group>"; };
		5D6B833D1C8E97C6004EB9B1 /* ProgressView.m */ = {isa = PBXFileReference; fileEncoding = 4; lastKnownFileType = sourcecode.c.objc; path = ProgressView.m; sourceTree = "<group>"; };
		5D6B833E1C8E97C6004EB9B1 /* UIView+AutoLayoutViews.h */ = {isa = PBXFileReference; fileEncoding = 4; lastKnownFileType = sourcecode.c.h; path = "UIView+AutoLayoutViews.h"; sourceTree = "<group>"; };
		5D6B833F1C8E97C6004EB9B1 /* UIView+AutoLayoutViews.m */ = {isa = PBXFileReference; fileEncoding = 4; lastKnownFileType = sourcecode.c.objc; path = "UIView+AutoLayoutViews.m"; sourceTree = "<group>"; };
		5D6B83401C8E97C6004EB9B1 /* UIView+Extension.h */ = {isa = PBXFileReference; fileEncoding = 4; lastKnownFileType = sourcecode.c.h; path = "UIView+Extension.h"; sourceTree = "<group>"; };
		5D6B83411C8E97C6004EB9B1 /* UIView+Extension.m */ = {isa = PBXFileReference; fileEncoding = 4; lastKnownFileType = sourcecode.c.objc; path = "UIView+Extension.m"; sourceTree = "<group>"; };
		5D6B83421C8E97C6004EB9B1 /* WYTopImgBtn.h */ = {isa = PBXFileReference; fileEncoding = 4; lastKnownFileType = sourcecode.c.h; path = WYTopImgBtn.h; sourceTree = "<group>"; };
		5D6B83431C8E97C6004EB9B1 /* WYTopImgBtn.m */ = {isa = PBXFileReference; fileEncoding = 4; lastKnownFileType = sourcecode.c.objc; path = WYTopImgBtn.m; sourceTree = "<group>"; };
		5D6B83441C8E97C6004EB9B1 /* WYVideoCaptureController.h */ = {isa = PBXFileReference; fileEncoding = 4; lastKnownFileType = sourcecode.c.h; path = WYVideoCaptureController.h; sourceTree = "<group>"; };
		5D6B83451C8E97C6004EB9B1 /* WYVideoCaptureController.m */ = {isa = PBXFileReference; fileEncoding = 4; lastKnownFileType = sourcecode.c.objc; path = WYVideoCaptureController.m; sourceTree = "<group>"; };
		5D6B83461C8E97C6004EB9B1 /* WYVideoTimeView.h */ = {isa = PBXFileReference; fileEncoding = 4; lastKnownFileType = sourcecode.c.h; path = WYVideoTimeView.h; sourceTree = "<group>"; };
		5D6B83471C8E97C6004EB9B1 /* WYVideoTimeView.m */ = {isa = PBXFileReference; fileEncoding = 4; lastKnownFileType = sourcecode.c.objc; path = WYVideoTimeView.m; sourceTree = "<group>"; };
		5D6B83501C8EA267004EB9B1 /* JRMediaFileManage.h */ = {isa = PBXFileReference; fileEncoding = 4; lastKnownFileType = sourcecode.c.h; path = JRMediaFileManage.h; sourceTree = "<group>"; };
		5D6B83511C8EA267004EB9B1 /* JRMediaFileManage.m */ = {isa = PBXFileReference; fileEncoding = 4; lastKnownFileType = sourcecode.c.objc; path = JRMediaFileManage.m; sourceTree = "<group>"; };
		5D6B83531C8EA97A004EB9B1 /* PictureScanViewController.h */ = {isa = PBXFileReference; fileEncoding = 4; lastKnownFileType = sourcecode.c.h; path = PictureScanViewController.h; sourceTree = "<group>"; };
		5D6B83541C8EA97A004EB9B1 /* PictureScanViewController.m */ = {isa = PBXFileReference; fileEncoding = 4; lastKnownFileType = sourcecode.c.objc; path = PictureScanViewController.m; sourceTree = "<group>"; };
		5D6B83561C8EA9F8004EB9B1 /* ShootCollectionViewCell.h */ = {isa = PBXFileReference; fileEncoding = 4; lastKnownFileType = sourcecode.c.h; path = ShootCollectionViewCell.h; sourceTree = "<group>"; };
		5D6B83571C8EA9F8004EB9B1 /* ShootCollectionViewCell.m */ = {isa = PBXFileReference; fileEncoding = 4; lastKnownFileType = sourcecode.c.objc; path = ShootCollectionViewCell.m; sourceTree = "<group>"; };
		5D6B83591C8EAB1F004EB9B1 /* ShootCollectionHeaderView.h */ = {isa = PBXFileReference; fileEncoding = 4; lastKnownFileType = sourcecode.c.h; path = ShootCollectionHeaderView.h; sourceTree = "<group>"; };
		5D6B835A1C8EAB1F004EB9B1 /* ShootCollectionHeaderView.m */ = {isa = PBXFileReference; fileEncoding = 4; lastKnownFileType = sourcecode.c.objc; path = ShootCollectionHeaderView.m; sourceTree = "<group>"; };
		5D6B83A41C8FEB5F004EB9B1 /* MLSelectPhotoBrowserViewController.h */ = {isa = PBXFileReference; fileEncoding = 4; lastKnownFileType = sourcecode.c.h; path = MLSelectPhotoBrowserViewController.h; sourceTree = "<group>"; };
		5D6B83A51C8FEB5F004EB9B1 /* MLSelectPhotoBrowserViewController.m */ = {isa = PBXFileReference; fileEncoding = 4; lastKnownFileType = sourcecode.c.objc; path = MLSelectPhotoBrowserViewController.m; sourceTree = "<group>"; };
		5D6B83A71C8FEB95004EB9B1 /* UIImage+MLTint.h */ = {isa = PBXFileReference; fileEncoding = 4; lastKnownFileType = sourcecode.c.h; path = "UIImage+MLTint.h"; sourceTree = "<group>"; };
		5D6B83A81C8FEB95004EB9B1 /* UIImage+MLTint.m */ = {isa = PBXFileReference; fileEncoding = 4; lastKnownFileType = sourcecode.c.objc; path = "UIImage+MLTint.m"; sourceTree = "<group>"; };
		5D6B83A91C8FEB95004EB9B1 /* UIView+MLExtension.h */ = {isa = PBXFileReference; fileEncoding = 4; lastKnownFileType = sourcecode.c.h; path = "UIView+MLExtension.h"; sourceTree = "<group>"; };
		5D6B83AA1C8FEB95004EB9B1 /* UIView+MLExtension.m */ = {isa = PBXFileReference; fileEncoding = 4; lastKnownFileType = sourcecode.c.objc; path = "UIView+MLExtension.m"; sourceTree = "<group>"; };
		5D6B83AD1C8FEBBF004EB9B1 /* MLSelectPhotoPickerBrowserPhotoScrollView.h */ = {isa = PBXFileReference; fileEncoding = 4; lastKnownFileType = sourcecode.c.h; path = MLSelectPhotoPickerBrowserPhotoScrollView.h; sourceTree = "<group>"; };
		5D6B83AE1C8FEBBF004EB9B1 /* MLSelectPhotoPickerBrowserPhotoScrollView.m */ = {isa = PBXFileReference; fileEncoding = 4; lastKnownFileType = sourcecode.c.objc; path = MLSelectPhotoPickerBrowserPhotoScrollView.m; sourceTree = "<group>"; };
		5D6B83B01C8FEBF5004EB9B1 /* MLSelectPhotoCommon.h */ = {isa = PBXFileReference; fileEncoding = 4; lastKnownFileType = sourcecode.c.h; path = MLSelectPhotoCommon.h; sourceTree = "<group>"; };
		5D6B83B11C8FEC4A004EB9B1 /* MLSelectPhotoPickerBrowserPhotoImageView.h */ = {isa = PBXFileReference; fileEncoding = 4; lastKnownFileType = sourcecode.c.h; path = MLSelectPhotoPickerBrowserPhotoImageView.h; sourceTree = "<group>"; };
		5D6B83B21C8FEC4A004EB9B1 /* MLSelectPhotoPickerBrowserPhotoImageView.m */ = {isa = PBXFileReference; fileEncoding = 4; lastKnownFileType = sourcecode.c.objc; path = MLSelectPhotoPickerBrowserPhotoImageView.m; sourceTree = "<group>"; };
		5D6B83B41C8FEC86004EB9B1 /* MLSelectPhotoPickerBrowserPhotoView.h */ = {isa = PBXFileReference; fileEncoding = 4; lastKnownFileType = sourcecode.c.h; path = MLSelectPhotoPickerBrowserPhotoView.h; sourceTree = "<group>"; };
		5D6B83B51C8FEC86004EB9B1 /* MLSelectPhotoPickerBrowserPhotoView.m */ = {isa = PBXFileReference; fileEncoding = 4; lastKnownFileType = sourcecode.c.objc; path = MLSelectPhotoPickerBrowserPhotoView.m; sourceTree = "<group>"; };
		5D6B83E81C9018F3004EB9B1 /* ShootCollectionButton.h */ = {isa = PBXFileReference; fileEncoding = 4; lastKnownFileType = sourcecode.c.h; path = ShootCollectionButton.h; sourceTree = "<group>"; };
		5D6B83E91C9018F3004EB9B1 /* ShootCollectionButton.m */ = {isa = PBXFileReference; fileEncoding = 4; lastKnownFileType = sourcecode.c.objc; path = ShootCollectionButton.m; sourceTree = "<group>"; };
		5D6B83EB1C901E09004EB9B1 /* JRPictureModel.h */ = {isa = PBXFileReference; fileEncoding = 4; lastKnownFileType = sourcecode.c.h; path = JRPictureModel.h; sourceTree = "<group>"; };
		5D6B83EC1C901E09004EB9B1 /* JRPictureModel.m */ = {isa = PBXFileReference; fileEncoding = 4; lastKnownFileType = sourcecode.c.objc; path = JRPictureModel.m; sourceTree = "<group>"; };
		5D6B83EE1C901EC2004EB9B1 /* ZQBaseClassesExtended.h */ = {isa = PBXFileReference; fileEncoding = 4; lastKnownFileType = sourcecode.c.h; path = ZQBaseClassesExtended.h; sourceTree = "<group>"; };
		5D6B83EF1C901EC2004EB9B1 /* ZQBaseClassesExtended.m */ = {isa = PBXFileReference; fileEncoding = 4; lastKnownFileType = sourcecode.c.objc; path = ZQBaseClassesExtended.m; sourceTree = "<group>"; };
/* End PBXFileReference section */

/* Begin PBXFrameworksBuildPhase section */
		5D6B82FF1C8E9709004EB9B1 /* Frameworks */ = {
			isa = PBXFrameworksBuildPhase;
			buildActionMask = 2147483647;
			files = (
			);
			runOnlyForDeploymentPostprocessing = 0;
		};
		5D6B83181C8E9709004EB9B1 /* Frameworks */ = {
			isa = PBXFrameworksBuildPhase;
			buildActionMask = 2147483647;
			files = (
			);
			runOnlyForDeploymentPostprocessing = 0;
		};
		5D6B83231C8E9709004EB9B1 /* Frameworks */ = {
			isa = PBXFrameworksBuildPhase;
			buildActionMask = 2147483647;
			files = (
			);
			runOnlyForDeploymentPostprocessing = 0;
		};
/* End PBXFrameworksBuildPhase section */

/* Begin PBXGroup section */
		5D6B82F91C8E9709004EB9B1 = {
			isa = PBXGroup;
			children = (
				5D6B83041C8E9709004EB9B1 /* EyeDemo */,
				5D6B831E1C8E9709004EB9B1 /* EyeDemoTests */,
				5D6B83291C8E9709004EB9B1 /* EyeDemoUITests */,
				5D6B83031C8E9709004EB9B1 /* Products */,
			);
			sourceTree = "<group>";
		};
		5D6B83031C8E9709004EB9B1 /* Products */ = {
			isa = PBXGroup;
			children = (
				5D6B83021C8E9709004EB9B1 /* EyeDemo.app */,
				5D6B831B1C8E9709004EB9B1 /* EyeDemoTests.xctest */,
				5D6B83261C8E9709004EB9B1 /* EyeDemoUITests.xctest */,
			);
			name = Products;
			sourceTree = "<group>";
		};
		5D6B83041C8E9709004EB9B1 /* EyeDemo */ = {
			isa = PBXGroup;
			children = (
				5D6B83081C8E9709004EB9B1 /* AppDelegate.h */,
				5D6B83091C8E9709004EB9B1 /* AppDelegate.m */,
				5D6B830B1C8E9709004EB9B1 /* ViewController.h */,
				5D6B830C1C8E9709004EB9B1 /* ViewController.m */,
				5D32D2731CA635F400795CE7 /* TDHeader.h */,
				5D6B83441C8E97C6004EB9B1 /* WYVideoCaptureController.h */,
				5D6B83451C8E97C6004EB9B1 /* WYVideoCaptureController.m */,
				5D6B83EB1C901E09004EB9B1 /* JRPictureModel.h */,
				5D6B83EC1C901E09004EB9B1 /* JRPictureModel.m */,
				5D0036A91C97B44B00058304 /* JREyeTypeModel.h */,
				5D0036AA1C97B44B00058304 /* JREyeTypeModel.m */,
				5D6B83531C8EA97A004EB9B1 /* PictureScanViewController.h */,
				5D6B83541C8EA97A004EB9B1 /* PictureScanViewController.m */,
				5D6B83591C8EAB1F004EB9B1 /* ShootCollectionHeaderView.h */,
				5D6B835A1C8EAB1F004EB9B1 /* ShootCollectionHeaderView.m */,
				5D6B83E81C9018F3004EB9B1 /* ShootCollectionButton.h */,
				5D6B83E91C9018F3004EB9B1 /* ShootCollectionButton.m */,
				5D6B83561C8EA9F8004EB9B1 /* ShootCollectionViewCell.h */,
				5D6B83571C8EA9F8004EB9B1 /* ShootCollectionViewCell.m */,
				5D6B83501C8EA267004EB9B1 /* JRMediaFileManage.h */,
				5D6B83511C8EA267004EB9B1 /* JRMediaFileManage.m */,
				5D6B83A41C8FEB5F004EB9B1 /* MLSelectPhotoBrowserViewController.h */,
				5D6B83A51C8FEB5F004EB9B1 /* MLSelectPhotoBrowserViewController.m */,
				5D6B83AD1C8FEBBF004EB9B1 /* MLSelectPhotoPickerBrowserPhotoScrollView.h */,
				5D6B83AE1C8FEBBF004EB9B1 /* MLSelectPhotoPickerBrowserPhotoScrollView.m */,
				5D6B83B41C8FEC86004EB9B1 /* MLSelectPhotoPickerBrowserPhotoView.h */,
				5D6B83B51C8FEC86004EB9B1 /* MLSelectPhotoPickerBrowserPhotoView.m */,
				5D6B83B11C8FEC4A004EB9B1 /* MLSelectPhotoPickerBrowserPhotoImageView.h */,
				5D6B83B21C8FEC4A004EB9B1 /* MLSelectPhotoPickerBrowserPhotoImageView.m */,
				5D6B83B01C8FEBF5004EB9B1 /* MLSelectPhotoCommon.h */,
				5D6B83EE1C901EC2004EB9B1 /* ZQBaseClassesExtended.h */,
				5D6B83EF1C901EC2004EB9B1 /* ZQBaseClassesExtended.m */,
				5D6B83A71C8FEB95004EB9B1 /* UIImage+MLTint.h */,
				5D6B83A81C8FEB95004EB9B1 /* UIImage+MLTint.m */,
				5D6B83A91C8FEB95004EB9B1 /* UIView+MLExtension.h */,
				5D6B83AA1C8FEB95004EB9B1 /* UIView+MLExtension.m */,
				5D6B83381C8E97C6004EB9B1 /* LX_layoutAttributes.h */,
				5D6B83391C8E97C6004EB9B1 /* LX_layoutAttributes.m */,
				5D6B833A1C8E97C6004EB9B1 /* NSTimer+Addtion.h */,
				5D6B833B1C8E97C6004EB9B1 /* NSTimer+Addtion.m */,
				5D6B833C1C8E97C6004EB9B1 /* ProgressView.h */,
				5D6B833D1C8E97C6004EB9B1 /* ProgressView.m */,
				5D6B833E1C8E97C6004EB9B1 /* UIView+AutoLayoutViews.h */,
				5D6B833F1C8E97C6004EB9B1 /* UIView+AutoLayoutViews.m */,
				5D6B83401C8E97C6004EB9B1 /* UIView+Extension.h */,
				5D6B83411C8E97C6004EB9B1 /* UIView+Extension.m */,
				5D6B83421C8E97C6004EB9B1 /* WYTopImgBtn.h */,
				5D6B83431C8E97C6004EB9B1 /* WYTopImgBtn.m */,
				5D6B83461C8E97C6004EB9B1 /* WYVideoTimeView.h */,
				5D6B83471C8E97C6004EB9B1 /* WYVideoTimeView.m */,
				5D32D2741CA63AEB00795CE7 /* leftEyeicon@2x.png */,
				5D32D2761CA63B0500795CE7 /* leftEyeicon@3x.png */,
				5D32D27A1CA63DFB00795CE7 /* rightEyeicon@2x.png */,
				5D32D2781CA63DCB00795CE7 /* rightEyeicon@3x.png */,
				5D270CB01CA51B1A00A0B348 /* takePhoto@2x.png */,
				5D270CB21CA51B3400A0B348 /* takePhoto@3x.png */,
				5D270CB41CA520D800A0B348 /* iso-icon@2x.png */,
				5D270CB61CA520E300A0B348 /* iso-icon@3x.png */,
				5D270CB81CA52D6700A0B348 /* whiteBalance@2x.png */,
				5D270CBA1CA52D8800A0B348 /* whiteBalance@3x.png */,
				5D270CBC1CA540A000A0B348 /* whiteBalanceLefticon@2x.png */,
				5D270CBE1CA540BB00A0B348 /* whiteBalanceLefticon@3x.png */,
				5D270CC21CA5428800A0B348 /* whiteBalanceRighticon@2x.png */,
				5D270CC01CA5427700A0B348 /* whiteBalanceRighticon@3x.png */,
				5D32D27E1CA6678E00795CE7 /* albumSelectedicon@2x.png */,
				5D32D27C1CA6678500795CE7 /* albumSelectedicon@3x.png */,
				5D6B830E1C8E9709004EB9B1 /* Main.storyboard */,
				5D6B83111C8E9709004EB9B1 /* Assets.xcassets */,
				5D6B83131C8E9709004EB9B1 /* LaunchScreen.storyboard */,
				5D6B83161C8E9709004EB9B1 /* Info.plist */,
				5D6B83051C8E9709004EB9B1 /* Supporting Files */,
			);
			path = EyeDemo;
			sourceTree = "<group>";
		};
		5D6B83051C8E9709004EB9B1 /* Supporting Files */ = {
			isa = PBXGroup;
			children = (
				5D6B83061C8E9709004EB9B1 /* main.m */,
			);
			name = "Supporting Files";
			sourceTree = "<group>";
		};
		5D6B831E1C8E9709004EB9B1 /* EyeDemoTests */ = {
			isa = PBXGroup;
			children = (
				5D6B831F1C8E9709004EB9B1 /* EyeDemoTests.m */,
				5D6B83211C8E9709004EB9B1 /* Info.plist */,
			);
			path = EyeDemoTests;
			sourceTree = "<group>";
		};
		5D6B83291C8E9709004EB9B1 /* EyeDemoUITests */ = {
			isa = PBXGroup;
			children = (
				5D6B832A1C8E9709004EB9B1 /* EyeDemoUITests.m */,
				5D6B832C1C8E9709004EB9B1 /* Info.plist */,
			);
			path = EyeDemoUITests;
			sourceTree = "<group>";
		};
/* End PBXGroup section */

/* Begin PBXNativeTarget section */
		5D6B83011C8E9709004EB9B1 /* EyeDemo */ = {
			isa = PBXNativeTarget;
			buildConfigurationList = 5D6B832F1C8E9709004EB9B1 /* Build configuration list for PBXNativeTarget "EyeDemo" */;
			buildPhases = (
				5D6B82FE1C8E9709004EB9B1 /* Sources */,
				5D6B82FF1C8E9709004EB9B1 /* Frameworks */,
				5D6B83001C8E9709004EB9B1 /* Resources */,
			);
			buildRules = (
			);
			dependencies = (
			);
			name = EyeDemo;
			productName = EyeDemo;
			productReference = 5D6B83021C8E9709004EB9B1 /* EyeDemo.app */;
			productType = "com.apple.product-type.application";
		};
		5D6B831A1C8E9709004EB9B1 /* EyeDemoTests */ = {
			isa = PBXNativeTarget;
			buildConfigurationList = 5D6B83321C8E9709004EB9B1 /* Build configuration list for PBXNativeTarget "EyeDemoTests" */;
			buildPhases = (
				5D6B83171C8E9709004EB9B1 /* Sources */,
				5D6B83181C8E9709004EB9B1 /* Frameworks */,
				5D6B83191C8E9709004EB9B1 /* Resources */,
			);
			buildRules = (
			);
			dependencies = (
				5D6B831D1C8E9709004EB9B1 /* PBXTargetDependency */,
			);
			name = EyeDemoTests;
			productName = EyeDemoTests;
			productReference = 5D6B831B1C8E9709004EB9B1 /* EyeDemoTests.xctest */;
			productType = "com.apple.product-type.bundle.unit-test";
		};
		5D6B83251C8E9709004EB9B1 /* EyeDemoUITests */ = {
			isa = PBXNativeTarget;
			buildConfigurationList = 5D6B83351C8E9709004EB9B1 /* Build configuration list for PBXNativeTarget "EyeDemoUITests" */;
			buildPhases = (
				5D6B83221C8E9709004EB9B1 /* Sources */,
				5D6B83231C8E9709004EB9B1 /* Frameworks */,
				5D6B83241C8E9709004EB9B1 /* Resources */,
			);
			buildRules = (
			);
			dependencies = (
				5D6B83281C8E9709004EB9B1 /* PBXTargetDependency */,
			);
			name = EyeDemoUITests;
			productName = EyeDemoUITests;
			productReference = 5D6B83261C8E9709004EB9B1 /* EyeDemoUITests.xctest */;
			productType = "com.apple.product-type.bundle.ui-testing";
		};
/* End PBXNativeTarget section */

/* Begin PBXProject section */
		5D6B82FA1C8E9709004EB9B1 /* Project object */ = {
			isa = PBXProject;
			attributes = {
				LastUpgradeCheck = 0720;
				ORGANIZATIONNAME = "路亮亮";
				TargetAttributes = {
					5D6B83011C8E9709004EB9B1 = {
						CreatedOnToolsVersion = 7.2;
					};
					5D6B831A1C8E9709004EB9B1 = {
						CreatedOnToolsVersion = 7.2;
						TestTargetID = 5D6B83011C8E9709004EB9B1;
					};
					5D6B83251C8E9709004EB9B1 = {
						CreatedOnToolsVersion = 7.2;
						TestTargetID = 5D6B83011C8E9709004EB9B1;
					};
				};
			};
			buildConfigurationList = 5D6B82FD1C8E9709004EB9B1 /* Build configuration list for PBXProject "EyeDemo" */;
			compatibilityVersion = "Xcode 3.2";
			developmentRegion = English;
			hasScannedForEncodings = 0;
			knownRegions = (
				en,
				Base,
			);
			mainGroup = 5D6B82F91C8E9709004EB9B1;
			productRefGroup = 5D6B83031C8E9709004EB9B1 /* Products */;
			projectDirPath = "";
			projectRoot = "";
			targets = (
				5D6B83011C8E9709004EB9B1 /* EyeDemo */,
				5D6B831A1C8E9709004EB9B1 /* EyeDemoTests */,
				5D6B83251C8E9709004EB9B1 /* EyeDemoUITests */,
			);
		};
/* End PBXProject section */

/* Begin PBXResourcesBuildPhase section */
		5D6B83001C8E9709004EB9B1 /* Resources */ = {
			isa = PBXResourcesBuildPhase;
			buildActionMask = 2147483647;
			files = (
				5D6B83151C8E9709004EB9B1 /* LaunchScreen.storyboard in Resources */,
				5D270CB91CA52D6700A0B348 /* whiteBalance@2x.png in Resources */,
				5D270CB31CA51B3400A0B348 /* takePhoto@3x.png in Resources */,
				5D270CC11CA5427700A0B348 /* whiteBalanceRighticon@3x.png in Resources */,
				5D32D2791CA63DCB00795CE7 /* rightEyeicon@3x.png in Resources */,
				5D270CBF1CA540BB00A0B348 /* whiteBalanceLefticon@3x.png in Resources */,
				5D32D2751CA63AEB00795CE7 /* leftEyeicon@2x.png in Resources */,
				5D6B83121C8E9709004EB9B1 /* Assets.xcassets in Resources */,
				5D6B83101C8E9709004EB9B1 /* Main.storyboard in Resources */,
				5D270CC31CA5428800A0B348 /* whiteBalanceRighticon@2x.png in Resources */,
				5D270CB51CA520D800A0B348 /* iso-icon@2x.png in Resources */,
				5D270CBD1CA540A000A0B348 /* whiteBalanceLefticon@2x.png in Resources */,
				5D270CB11CA51B1A00A0B348 /* takePhoto@2x.png in Resources */,
				5D32D2771CA63B0500795CE7 /* leftEyeicon@3x.png in Resources */,
				5D32D27F1CA6678E00795CE7 /* albumSelectedicon@2x.png in Resources */,
				5D32D27B1CA63DFB00795CE7 /* rightEyeicon@2x.png in Resources */,
				5D32D27D1CA6678600795CE7 /* albumSelectedicon@3x.png in Resources */,
				5D270CBB1CA52D8800A0B348 /* whiteBalance@3x.png in Resources */,
				5D270CB71CA520E300A0B348 /* iso-icon@3x.png in Resources */,
			);
			runOnlyForDeploymentPostprocessing = 0;
		};
		5D6B83191C8E9709004EB9B1 /* Resources */ = {
			isa = PBXResourcesBuildPhase;
			buildActionMask = 2147483647;
			files = (
			);
			runOnlyForDeploymentPostprocessing = 0;
		};
		5D6B83241C8E9709004EB9B1 /* Resources */ = {
			isa = PBXResourcesBuildPhase;
			buildActionMask = 2147483647;
			files = (
			);
			runOnlyForDeploymentPostprocessing = 0;
		};
/* End PBXResourcesBuildPhase section */

/* Begin PBXSourcesBuildPhase section */
		5D6B82FE1C8E9709004EB9B1 /* Sources */ = {
			isa = PBXSourcesBuildPhase;
			buildActionMask = 2147483647;
			files = (
				5D6B83481C8E97C6004EB9B1 /* LX_layoutAttributes.m in Sources */,
				5D6B83AC1C8FEB95004EB9B1 /* UIView+MLExtension.m in Sources */,
				5D6B83491C8E97C6004EB9B1 /* NSTimer+Addtion.m in Sources */,
				5D6B83EA1C9018F3004EB9B1 /* ShootCollectionButton.m in Sources */,
				5D6B834D1C8E97C6004EB9B1 /* WYTopImgBtn.m in Sources */,
				5D6B83AF1C8FEBBF004EB9B1 /* MLSelectPhotoPickerBrowserPhotoScrollView.m in Sources */,
				5D6B834F1C8E97C6004EB9B1 /* WYVideoTimeView.m in Sources */,
				5D6B83F01C901EC2004EB9B1 /* ZQBaseClassesExtended.m in Sources */,
				5D6B835B1C8EAB1F004EB9B1 /* ShootCollectionHeaderView.m in Sources */,
				5D6B83A61C8FEB5F004EB9B1 /* MLSelectPhotoBrowserViewController.m in Sources */,
				5D6B830D1C8E9709004EB9B1 /* ViewController.m in Sources */,
				5D6B83AB1C8FEB95004EB9B1 /* UIImage+MLTint.m in Sources */,
				5D6B83B61C8FEC86004EB9B1 /* MLSelectPhotoPickerBrowserPhotoView.m in Sources */,
				5D6B83B31C8FEC4B004EB9B1 /* MLSelectPhotoPickerBrowserPhotoImageView.m in Sources */,
				5D6B830A1C8E9709004EB9B1 /* AppDelegate.m in Sources */,
				5D6B83071C8E9709004EB9B1 /* main.m in Sources */,
				5D6B834B1C8E97C6004EB9B1 /* UIView+AutoLayoutViews.m in Sources */,
				5D6B83ED1C901E09004EB9B1 /* JRPictureModel.m in Sources */,
				5D0036AB1C97B44B00058304 /* JREyeTypeModel.m in Sources */,
				5D6B834C1C8E97C6004EB9B1 /* UIView+Extension.m in Sources */,
				5D6B834E1C8E97C6004EB9B1 /* WYVideoCaptureController.m in Sources */,
				5D6B83581C8EA9F8004EB9B1 /* ShootCollectionViewCell.m in Sources */,
				5D6B834A1C8E97C6004EB9B1 /* ProgressView.m in Sources */,
				5D6B83521C8EA267004EB9B1 /* JRMediaFileManage.m in Sources */,
				5D6B83551C8EA97A004EB9B1 /* PictureScanViewController.m in Sources */,
			);
			runOnlyForDeploymentPostprocessing = 0;
		};
		5D6B83171C8E9709004EB9B1 /* Sources */ = {
			isa = PBXSourcesBuildPhase;
			buildActionMask = 2147483647;
			files = (
				5D6B83201C8E9709004EB9B1 /* EyeDemoTests.m in Sources */,
			);
			runOnlyForDeploymentPostprocessing = 0;
		};
		5D6B83221C8E9709004EB9B1 /* Sources */ = {
			isa = PBXSourcesBuildPhase;
			buildActionMask = 2147483647;
			files = (
				5D6B832B1C8E9709004EB9B1 /* EyeDemoUITests.m in Sources */,
			);
			runOnlyForDeploymentPostprocessing = 0;
		};
/* End PBXSourcesBuildPhase section */

/* Begin PBXTargetDependency section */
		5D6B831D1C8E9709004EB9B1 /* PBXTargetDependency */ = {
			isa = PBXTargetDependency;
			target = 5D6B83011C8E9709004EB9B1 /* EyeDemo */;
			targetProxy = 5D6B831C1C8E9709004EB9B1 /* PBXContainerItemProxy */;
		};
		5D6B83281C8E9709004EB9B1 /* PBXTargetDependency */ = {
			isa = PBXTargetDependency;
			target = 5D6B83011C8E9709004EB9B1 /* EyeDemo */;
			targetProxy = 5D6B83271C8E9709004EB9B1 /* PBXContainerItemProxy */;
		};
/* End PBXTargetDependency section */

/* Begin PBXVariantGroup section */
		5D6B830E1C8E9709004EB9B1 /* Main.storyboard */ = {
			isa = PBXVariantGroup;
			children = (
				5D6B830F1C8E9709004EB9B1 /* Base */,
			);
			name = Main.storyboard;
			sourceTree = "<group>";
		};
		5D6B83131C8E9709004EB9B1 /* LaunchScreen.storyboard */ = {
			isa = PBXVariantGroup;
			children = (
				5D6B83141C8E9709004EB9B1 /* Base */,
			);
			name = LaunchScreen.storyboard;
			sourceTree = "<group>";
		};
/* End PBXVariantGroup section */

/* Begin XCBuildConfiguration section */
		5D6B832D1C8E9709004EB9B1 /* Debug */ = {
			isa = XCBuildConfiguration;
			buildSettings = {
				ALWAYS_SEARCH_USER_PATHS = NO;
				CLANG_CXX_LANGUAGE_STANDARD = "gnu++0x";
				CLANG_CXX_LIBRARY = "libc++";
				CLANG_ENABLE_MODULES = YES;
				CLANG_ENABLE_OBJC_ARC = YES;
				CLANG_WARN_BOOL_CONVERSION = YES;
				CLANG_WARN_CONSTANT_CONVERSION = YES;
				CLANG_WARN_DIRECT_OBJC_ISA_USAGE = YES_ERROR;
				CLANG_WARN_EMPTY_BODY = YES;
				CLANG_WARN_ENUM_CONVERSION = YES;
				CLANG_WARN_INT_CONVERSION = YES;
				CLANG_WARN_OBJC_ROOT_CLASS = YES_ERROR;
				CLANG_WARN_UNREACHABLE_CODE = YES;
				CLANG_WARN__DUPLICATE_METHOD_MATCH = YES;
				"CODE_SIGN_IDENTITY[sdk=iphoneos*]" = "iPhone Developer";
				COPY_PHASE_STRIP = NO;
				DEBUG_INFORMATION_FORMAT = dwarf;
				ENABLE_STRICT_OBJC_MSGSEND = YES;
				ENABLE_TESTABILITY = YES;
				GCC_C_LANGUAGE_STANDARD = gnu99;
				GCC_DYNAMIC_NO_PIC = NO;
				GCC_NO_COMMON_BLOCKS = YES;
				GCC_OPTIMIZATION_LEVEL = 0;
				GCC_PREPROCESSOR_DEFINITIONS = (
					"DEBUG=1",
					"$(inherited)",
				);
				GCC_WARN_64_TO_32_BIT_CONVERSION = YES;
				GCC_WARN_ABOUT_RETURN_TYPE = YES_ERROR;
				GCC_WARN_UNDECLARED_SELECTOR = YES;
				GCC_WARN_UNINITIALIZED_AUTOS = YES_AGGRESSIVE;
				GCC_WARN_UNUSED_FUNCTION = YES;
				GCC_WARN_UNUSED_VARIABLE = YES;
				IPHONEOS_DEPLOYMENT_TARGET = 9.2;
				MTL_ENABLE_DEBUG_INFO = YES;
				ONLY_ACTIVE_ARCH = YES;
				SDKROOT = iphoneos;
				TARGETED_DEVICE_FAMILY = "1,2";
			};
			name = Debug;
		};
		5D6B832E1C8E9709004EB9B1 /* Release */ = {
			isa = XCBuildConfiguration;
			buildSettings = {
				ALWAYS_SEARCH_USER_PATHS = NO;
				CLANG_CXX_LANGUAGE_STANDARD = "gnu++0x";
				CLANG_CXX_LIBRARY = "libc++";
				CLANG_ENABLE_MODULES = YES;
				CLANG_ENABLE_OBJC_ARC = YES;
				CLANG_WARN_BOOL_CONVERSION = YES;
				CLANG_WARN_CONSTANT_CONVERSION = YES;
				CLANG_WARN_DIRECT_OBJC_ISA_USAGE = YES_ERROR;
				CLANG_WARN_EMPTY_BODY = YES;
				CLANG_WARN_ENUM_CONVERSION = YES;
				CLANG_WARN_INT_CONVERSION = YES;
				CLANG_WARN_OBJC_ROOT_CLASS = YES_ERROR;
				CLANG_WARN_UNREACHABLE_CODE = YES;
				CLANG_WARN__DUPLICATE_METHOD_MATCH = YES;
				"CODE_SIGN_IDENTITY[sdk=iphoneos*]" = "iPhone Developer";
				COPY_PHASE_STRIP = NO;
				DEBUG_INFORMATION_FORMAT = "dwarf-with-dsym";
				ENABLE_NS_ASSERTIONS = NO;
				ENABLE_STRICT_OBJC_MSGSEND = YES;
				GCC_C_LANGUAGE_STANDARD = gnu99;
				GCC_NO_COMMON_BLOCKS = YES;
				GCC_WARN_64_TO_32_BIT_CONVERSION = YES;
				GCC_WARN_ABOUT_RETURN_TYPE = YES_ERROR;
				GCC_WARN_UNDECLARED_SELECTOR = YES;
				GCC_WARN_UNINITIALIZED_AUTOS = YES_AGGRESSIVE;
				GCC_WARN_UNUSED_FUNCTION = YES;
				GCC_WARN_UNUSED_VARIABLE = YES;
				IPHONEOS_DEPLOYMENT_TARGET = 9.2;
				MTL_ENABLE_DEBUG_INFO = NO;
				SDKROOT = iphoneos;
				TARGETED_DEVICE_FAMILY = "1,2";
				VALIDATE_PRODUCT = YES;
			};
			name = Release;
		};
		5D6B83301C8E9709004EB9B1 /* Debug */ = {
			isa = XCBuildConfiguration;
			buildSettings = {
				ASSETCATALOG_COMPILER_APPICON_NAME = AppIcon;
				INFOPLIST_FILE = EyeDemo/Info.plist;
				LD_RUNPATH_SEARCH_PATHS = "$(inherited) @executable_path/Frameworks";
				PRODUCT_BUNDLE_IDENTIFIER = com.junruihealthcare.EyeDemo;
				PRODUCT_NAME = "$(TARGET_NAME)";
			};
			name = Debug;
		};
		5D6B83311C8E9709004EB9B1 /* Release */ = {
			isa = XCBuildConfiguration;
			buildSettings = {
				ASSETCATALOG_COMPILER_APPICON_NAME = AppIcon;
				INFOPLIST_FILE = EyeDemo/Info.plist;
				LD_RUNPATH_SEARCH_PATHS = "$(inherited) @executable_path/Frameworks";
				PRODUCT_BUNDLE_IDENTIFIER = com.junruihealthcare.EyeDemo;
				PRODUCT_NAME = "$(TARGET_NAME)";
			};
			name = Release;
		};
		5D6B83331C8E9709004EB9B1 /* Debug */ = {
			isa = XCBuildConfiguration;
			buildSettings = {
				BUNDLE_LOADER = "$(TEST_HOST)";
				INFOPLIST_FILE = EyeDemoTests/Info.plist;
				LD_RUNPATH_SEARCH_PATHS = "$(inherited) @executable_path/Frameworks @loader_path/Frameworks";
				PRODUCT_BUNDLE_IDENTIFIER = com.junruihealthcare.EyeDemoTests;
				PRODUCT_NAME = "$(TARGET_NAME)";
				TEST_HOST = "$(BUILT_PRODUCTS_DIR)/EyeDemo.app/EyeDemo";
			};
			name = Debug;
		};
		5D6B83341C8E9709004EB9B1 /* Release */ = {
			isa = XCBuildConfiguration;
			buildSettings = {
				BUNDLE_LOADER = "$(TEST_HOST)";
				INFOPLIST_FILE = EyeDemoTests/Info.plist;
				LD_RUNPATH_SEARCH_PATHS = "$(inherited) @executable_path/Frameworks @loader_path/Frameworks";
				PRODUCT_BUNDLE_IDENTIFIER = com.junruihealthcare.EyeDemoTests;
				PRODUCT_NAME = "$(TARGET_NAME)";
				TEST_HOST = "$(BUILT_PRODUCTS_DIR)/EyeDemo.app/EyeDemo";
			};
			name = Release;
		};
		5D6B83361C8E9709004EB9B1 /* Debug */ = {
			isa = XCBuildConfiguration;
			buildSettings = {
				INFOPLIST_FILE = EyeDemoUITests/Info.plist;
				LD_RUNPATH_SEARCH_PATHS = "$(inherited) @executable_path/Frameworks @loader_path/Frameworks";
				PRODUCT_BUNDLE_IDENTIFIER = com.junruihealthcare.EyeDemoUITests;
				PRODUCT_NAME = "$(TARGET_NAME)";
				TEST_TARGET_NAME = EyeDemo;
				USES_XCTRUNNER = YES;
			};
			name = Debug;
		};
		5D6B83371C8E9709004EB9B1 /* Release */ = {
			isa = XCBuildConfiguration;
			buildSettings = {
				INFOPLIST_FILE = EyeDemoUITests/Info.plist;
				LD_RUNPATH_SEARCH_PATHS = "$(inherited) @executable_path/Frameworks @loader_path/Frameworks";
				PRODUCT_BUNDLE_IDENTIFIER = com.junruihealthcare.EyeDemoUITests;
				PRODUCT_NAME = "$(TARGET_NAME)";
				TEST_TARGET_NAME = EyeDemo;
				USES_XCTRUNNER = YES;
			};
			name = Release;
		};
/* End XCBuildConfiguration section */

/* Begin XCConfigurationList section */
		5D6B82FD1C8E9709004EB9B1 /* Build configuration list for PBXProject "EyeDemo" */ = {
			isa = XCConfigurationList;
			buildConfigurations = (
				5D6B832D1C8E9709004EB9B1 /* Debug */,
				5D6B832E1C8E9709004EB9B1 /* Release */,
			);
			defaultConfigurationIsVisible = 0;
			defaultConfigurationName = Release;
		};
		5D6B832F1C8E9709004EB9B1 /* Build configuration list for PBXNativeTarget "EyeDemo" */ = {
			isa = XCConfigurationList;
			buildConfigurations = (
				5D6B83301C8E9709004EB9B1 /* Debug */,
				5D6B83311C8E9709004EB9B1 /* Release */,
			);
			defaultConfigurationIsVisible = 0;
			defaultConfigurationName = Release;
		};
		5D6B83321C8E9709004EB9B1 /* Build configuration list for PBXNativeTarget "EyeDemoTests" */ = {
			isa = XCConfigurationList;
			buildConfigurations = (
				5D6B83331C8E9709004EB9B1 /* Debug */,
				5D6B83341C8E9709004EB9B1 /* Release */,
			);
			defaultConfigurationIsVisible = 0;
			defaultConfigurationName = Release;
		};
		5D6B83351C8E9709004EB9B1 /* Build configuration list for PBXNativeTarget "EyeDemoUITests" */ = {
			isa = XCConfigurationList;
			buildConfigurations = (
				5D6B83361C8E9709004EB9B1 /* Debug */,
				5D6B83371C8E9709004EB9B1 /* Release */,
			);
			defaultConfigurationIsVisible = 0;
			defaultConfigurationName = Release;
		};
/* End XCConfigurationList section */
	};
	rootObject = 5D6B82FA1C8E9709004EB9B1 /* Project object */;
}
